// !$*UTF8*$!
{
	archiveVersion = 1;
	classes = {
	};
	objectVersion = 55;
	objects = {

/* Begin PBXBuildFile section */
		F7B2DB7B285764DC00D10283 /* AppDelegate.m in Sources */ = {isa = PBXBuildFile; fileRef = F7B2DB7A285764DC00D10283 /* AppDelegate.m */; };
		F7B2DB7E285764DC00D10283 /* SceneDelegate.m in Sources */ = {isa = PBXBuildFile; fileRef = F7B2DB7D285764DC00D10283 /* SceneDelegate.m */; };
		F7B2DB81285764DC00D10283 /* ViewController.m in Sources */ = {isa = PBXBuildFile; fileRef = F7B2DB80285764DC00D10283 /* ViewController.m */; };
		F7B2DB84285764DC00D10283 /* Main.storyboard in Resources */ = {isa = PBXBuildFile; fileRef = F7B2DB82285764DC00D10283 /* Main.storyboard */; };
		F7B2DB86285764DE00D10283 /* Assets.xcassets in Resources */ = {isa = PBXBuildFile; fileRef = F7B2DB85285764DE00D10283 /* Assets.xcassets */; };
		F7B2DB89285764DE00D10283 /* LaunchScreen.storyboard in Resources */ = {isa = PBXBuildFile; fileRef = F7B2DB87285764DE00D10283 /* LaunchScreen.storyboard */; };
		F7B2DB8C285764DE00D10283 /* main.m in Sources */ = {isa = PBXBuildFile; fileRef = F7B2DB8B285764DE00D10283 /* main.m */; };
		F7B2DB95285764F600D10283 /* SwipBackManager.m in Sources */ = {isa = PBXBuildFile; fileRef = F7B2DB94285764F600D10283 /* SwipBackManager.m */; };
		F7B2DB98285767A200D10283 /* SectionViewController.m in Sources */ = {isa = PBXBuildFile; fileRef = F7B2DB97285767A200D10283 /* SectionViewController.m */; };
		F7B2DB9D28588E9100D10283 /* CustomView.m in Sources */ = {isa = PBXBuildFile; fileRef = F7B2DB9C28588E9100D10283 /* CustomView.m */; };
/* End PBXBuildFile section */

/* Begin PBXFileReference section */
		F7B2DB76285764DC00D10283 /* SwipBack.app */ = {isa = PBXFileReference; explicitFileType = wrapper.application; includeInIndex = 0; path = SwipBack.app; sourceTree = BUILT_PRODUCTS_DIR; };
		F7B2DB79285764DC00D10283 /* AppDelegate.h */ = {isa = PBXFileReference; lastKnownFileType = sourcecode.c.h; path = AppDelegate.h; sourceTree = "<group>"; };
		F7B2DB7A285764DC00D10283 /* AppDelegate.m */ = {isa = PBXFileReference; lastKnownFileType = sourcecode.c.objc; path = AppDelegate.m; sourceTree = "<group>"; };
		F7B2DB7C285764DC00D10283 /* SceneDelegate.h */ = {isa = PBXFileReference; lastKnownFileType = sourcecode.c.h; path = SceneDelegate.h; sourceTree = "<group>"; };
		F7B2DB7D285764DC00D10283 /* SceneDelegate.m */ = {isa = PBXFileReference; lastKnownFileType = sourcecode.c.objc; path = SceneDelegate.m; sourceTree = "<group>"; };
		F7B2DB7F285764DC00D10283 /* ViewController.h */ = {isa = PBXFileReference; lastKnownFileType = sourcecode.c.h; path = ViewController.h; sourceTree = "<group>"; };
		F7B2DB80285764DC00D10283 /* ViewController.m */ = {isa = PBXFileReference; lastKnownFileType = sourcecode.c.objc; path = ViewController.m; sourceTree = "<group>"; };
		F7B2DB83285764DC00D10283 /* Base */ = {isa = PBXFileReference; lastKnownFileType = file.storyboard; name = Base; path = Base.lproj/Main.storyboard; sourceTree = "<group>"; };
		F7B2DB85285764DE00D10283 /* Assets.xcassets */ = {isa = PBXFileReference; lastKnownFileType = folder.assetcatalog; path = Assets.xcassets; sourceTree = "<group>"; };
		F7B2DB88285764DE00D10283 /* Base */ = {isa = PBXFileReference; lastKnownFileType = file.storyboard; name = Base; path = Base.lproj/LaunchScreen.storyboard; sourceTree = "<group>"; };
		F7B2DB8A285764DE00D10283 /* Info.plist */ = {isa = PBXFileReference; lastKnownFileType = text.plist.xml; path = Info.plist; sourceTree = "<group>"; };
		F7B2DB8B285764DE00D10283 /* main.m */ = {isa = PBXFileReference; lastKnownFileType = sourcecode.c.objc; path = main.m; sourceTree = "<group>"; };
		F7B2DB93285764F600D10283 /* SwipBackManager.h */ = {isa = PBXFileReference; fileEncoding = 4; lastKnownFileType = sourcecode.c.h; path = SwipBackManager.h; sourceTree = "<group>"; };
		F7B2DB94285764F600D10283 /* SwipBackManager.m */ = {isa = PBXFileReference; fileEncoding = 4; lastKnownFileType = sourcecode.c.objc; path = SwipBackManager.m; sourceTree = "<group>"; };
		F7B2DB96285767A200D10283 /* SectionViewController.h */ = {isa = PBXFileReference; lastKnownFileType = sourcecode.c.h; path = SectionViewController.h; sourceTree = "<group>"; };
		F7B2DB97285767A200D10283 /* SectionViewController.m */ = {isa = PBXFileReference; lastKnownFileType = sourcecode.c.objc; path = SectionViewController.m; sourceTree = "<group>"; };
		F7B2DB9A28588CA800D10283 /* SwipeBackProtocol.h */ = {isa = PBXFileReference; lastKnownFileType = sourcecode.c.h; path = SwipeBackProtocol.h; sourceTree = "<group>"; };
		F7B2DB9B28588E9100D10283 /* CustomView.h */ = {isa = PBXFileReference; lastKnownFileType = sourcecode.c.h; path = CustomView.h; sourceTree = "<group>"; };
		F7B2DB9C28588E9100D10283 /* CustomView.m */ = {isa = PBXFileReference; lastKnownFileType = sourcecode.c.objc; path = CustomView.m; sourceTree = "<group>"; };
/* End PBXFileReference section */

/* Begin PBXFrameworksBuildPhase section */
		F7B2DB73285764DC00D10283 /* Frameworks */ = {
			isa = PBXFrameworksBuildPhase;
			buildActionMask = 2147483647;
			files = (
			);
			runOnlyForDeploymentPostprocessing = 0;
		};
/* End PBXFrameworksBuildPhase section */

/* Begin PBXGroup section */
		F7B2DB6D285764DC00D10283 = {
			isa = PBXGroup;
			children = (
				F7B2DB78285764DC00D10283 /* SwipBack */,
				F7B2DB77285764DC00D10283 /* Products */,
			);
			sourceTree = "<group>";
		};
		F7B2DB77285764DC00D10283 /* Products */ = {
			isa = PBXGroup;
			children = (
				F7B2DB76285764DC00D10283 /* SwipBack.app */,
			);
			name = Products;
			sourceTree = "<group>";
		};
		F7B2DB78285764DC00D10283 /* SwipBack */ = {
			isa = PBXGroup;
			children = (
				F7B2DB92285764E800D10283 /* SwipBack */,
				F7B2DB79285764DC00D10283 /* AppDelegate.h */,
				F7B2DB7A285764DC00D10283 /* AppDelegate.m */,
				F7B2DB7C285764DC00D10283 /* SceneDelegate.h */,
				F7B2DB7D285764DC00D10283 /* SceneDelegate.m */,
				F7B2DB7F285764DC00D10283 /* ViewController.h */,
				F7B2DB80285764DC00D10283 /* ViewController.m */,
				F7B2DB96285767A200D10283 /* SectionViewController.h */,
				F7B2DB97285767A200D10283 /* SectionViewController.m */,
				F7B2DB9B28588E9100D10283 /* CustomView.h */,
				F7B2DB9C28588E9100D10283 /* CustomView.m */,
				F7B2DB82285764DC00D10283 /* Main.storyboard */,
				F7B2DB85285764DE00D10283 /* Assets.xcassets */,
				F7B2DB87285764DE00D10283 /* LaunchScreen.storyboard */,
				F7B2DB8A285764DE00D10283 /* Info.plist */,
				F7B2DB8B285764DE00D10283 /* main.m */,
			);
			path = SwipBack;
			sourceTree = "<group>";
		};
		F7B2DB92285764E800D10283 /* SwipBack */ = {
			isa = PBXGroup;
			children = (
				F7B2DB93285764F600D10283 /* SwipBackManager.h */,
				F7B2DB94285764F600D10283 /* SwipBackManager.m */,
				F7B2DB9A28588CA800D10283 /* SwipeBackProtocol.h */,
			);
			path = SwipBack;
			sourceTree = "<group>";
		};
/* End PBXGroup section */

/* Begin PBXNativeTarget section */
		F7B2DB75285764DC00D10283 /* SwipBack */ = {
			isa = PBXNativeTarget;
			buildConfigurationList = F7B2DB8F285764DE00D10283 /* Build configuration list for PBXNativeTarget "SwipBack" */;
			buildPhases = (
				F7B2DB72285764DC00D10283 /* Sources */,
				F7B2DB73285764DC00D10283 /* Frameworks */,
				F7B2DB74285764DC00D10283 /* Resources */,
			);
			buildRules = (
			);
			dependencies = (
			);
			name = SwipBack;
			productName = SwipBack;
			productReference = F7B2DB76285764DC00D10283 /* SwipBack.app */;
			productType = "com.apple.product-type.application";
		};
/* End PBXNativeTarget section */

/* Begin PBXProject section */
		F7B2DB6E285764DC00D10283 /* Project object */ = {
			isa = PBXProject;
			attributes = {
				BuildIndependentTargetsInParallel = 1;
				LastUpgradeCheck = 1340;
				TargetAttributes = {
					F7B2DB75285764DC00D10283 = {
						CreatedOnToolsVersion = 13.4.1;
					};
				};
			};
			buildConfigurationList = F7B2DB71285764DC00D10283 /* Build configuration list for PBXProject "SwipBack" */;
			compatibilityVersion = "Xcode 13.0";
			developmentRegion = en;
			hasScannedForEncodings = 0;
			knownRegions = (
				en,
				Base,
			);
			mainGroup = F7B2DB6D285764DC00D10283;
			productRefGroup = F7B2DB77285764DC00D10283 /* Products */;
			projectDirPath = "";
			projectRoot = "";
			targets = (
				F7B2DB75285764DC00D10283 /* SwipBack */,
			);
		};
/* End PBXProject section */

/* Begin PBXResourcesBuildPhase section */
		F7B2DB74285764DC00D10283 /* Resources */ = {
			isa = PBXResourcesBuildPhase;
			buildActionMask = 2147483647;
			files = (
				F7B2DB89285764DE00D10283 /* LaunchScreen.storyboard in Resources */,
				F7B2DB86285764DE00D10283 /* Assets.xcassets in Resources */,
				F7B2DB84285764DC00D10283 /* Main.storyboard in Resources */,
			);
			runOnlyForDeploymentPostprocessing = 0;
		};
/* End PBXResourcesBuildPhase section */

/* Begin PBXSourcesBuildPhase section */
		F7B2DB72285764DC00D10283 /* Sources */ = {
			isa = PBXSourcesBuildPhase;
			buildActionMask = 2147483647;
			files = (
				F7B2DB81285764DC00D10283 /* ViewController.m in Sources */,
				F7B2DB95285764F600D10283 /* SwipBackManager.m in Sources */,
				F7B2DB7B285764DC00D10283 /* AppDelegate.m in Sources */,
				F7B2DB8C285764DE00D10283 /* main.m in Sources */,
				F7B2DB9D28588E9100D10283 /* CustomView.m in Sources */,
				F7B2DB98285767A200D10283 /* SectionViewController.m in Sources */,
				F7B2DB7E285764DC00D10283 /* SceneDelegate.m in Sources */,
			);
			runOnlyForDeploymentPostprocessing = 0;
		};
/* End PBXSourcesBuildPhase section */

/* Begin PBXVariantGroup section */
		F7B2DB82285764DC00D10283 /* Main.storyboard */ = {
			isa = PBXVariantGroup;
			children = (
				F7B2DB83285764DC00D10283 /* Base */,
			);
			name = Main.storyboard;
			sourceTree = "<group>";
		};
		F7B2DB87285764DE00D10283 /* LaunchScreen.storyboard */ = {
			isa = PBXVariantGroup;
			children = (
				F7B2DB88285764DE00D10283 /* Base */,
			);
			name = LaunchScreen.storyboard;
			sourceTree = "<group>";
		};
/* End PBXVariantGroup section */

/* Begin XCBuildConfiguration section */
		F7B2DB8D285764DE00D10283 /* Debug */ = {
			isa = XCBuildConfiguration;
			buildSettings = {
				ALWAYS_SEARCH_USER_PATHS = NO;
				CLANG_ANALYZER_NONNULL = YES;
				CLANG_ANALYZER_NUMBER_OBJECT_CONVERSION = YES_AGGRESSIVE;
				CLANG_CXX_LANGUAGE_STANDARD = "gnu++17";
				CLANG_ENABLE_MODULES = YES;
				CLANG_ENABLE_OBJC_ARC = YES;
				CLANG_ENABLE_OBJC_WEAK = YES;
				CLANG_WARN_BLOCK_CAPTURE_AUTORELEASING = YES;
				CLANG_WARN_BOOL_CONVERSION = YES;
				CLANG_WARN_COMMA = YES;
				CLANG_WARN_CONSTANT_CONVERSION = YES;
				CLANG_WARN_DEPRECATED_OBJC_IMPLEMENTATIONS = YES;
				CLANG_WARN_DIRECT_OBJC_ISA_USAGE = YES_ERROR;
				CLANG_WARN_DOCUMENTATION_COMMENTS = YES;
				CLANG_WARN_EMPTY_BODY = YES;
				CLANG_WARN_ENUM_CONVERSION = YES;
				CLANG_WARN_INFINITE_RECURSION = YES;
				CLANG_WARN_INT_CONVERSION = YES;
				CLANG_WARN_NON_LITERAL_NULL_CONVERSION = YES;
				CLANG_WARN_OBJC_IMPLICIT_RETAIN_SELF = YES;
				CLANG_WARN_OBJC_LITERAL_CONVERSION = YES;
				CLANG_WARN_OBJC_ROOT_CLASS = YES_ERROR;
				CLANG_WARN_QUOTED_INCLUDE_IN_FRAMEWORK_HEADER = YES;
				CLANG_WARN_RANGE_LOOP_ANALYSIS = YES;
				CLANG_WARN_STRICT_PROTOTYPES = YES;
				CLANG_WARN_SUSPICIOUS_MOVE = YES;
				CLANG_WARN_UNGUARDED_AVAILABILITY = YES_AGGRESSIVE;
				CLANG_WARN_UNREACHABLE_CODE = YES;
				CLANG_WARN__DUPLICATE_METHOD_MATCH = YES;
				COPY_PHASE_STRIP = NO;
				DEBUG_INFORMATION_FORMAT = dwarf;
				ENABLE_STRICT_OBJC_MSGSEND = YES;
				ENABLE_TESTABILITY = YES;
				GCC_C_LANGUAGE_STANDARD = gnu11;
				GCC_DYNAMIC_NO_PIC = NO;
				GCC_NO_COMMON_BLOCKS = YES;
				GCC_OPTIMIZATION_LEVEL = 0;
				GCC_PREPROCESSOR_DEFINITIONS = (
					"DEBUG=1",
					"$(inherited)",
				);
				GCC_WARN_64_TO_32_BIT_CONVERSION = YES;
				GCC_WARN_ABOUT_RETURN_TYPE = YES_ERROR;
				GCC_WARN_UNDECLARED_SELECTOR = YES;
				GCC_WARN_UNINITIALIZED_AUTOS = YES_AGGRESSIVE;
				GCC_WARN_UNUSED_FUNCTION = YES;
				GCC_WARN_UNUSED_VARIABLE = YES;
				IPHONEOS_DEPLOYMENT_TARGET = 15.5;
				MTL_ENABLE_DEBUG_INFO = INCLUDE_SOURCE;
				MTL_FAST_MATH = YES;
				ONLY_ACTIVE_ARCH = YES;
				SDKROOT = iphoneos;
			};
			name = Debug;
		};
		F7B2DB8E285764DE00D10283 /* Release */ = {
			isa = XCBuildConfiguration;
			buildSettings = {
				ALWAYS_SEARCH_USER_PATHS = NO;
				CLANG_ANALYZER_NONNULL = YES;
				CLANG_ANALYZER_NUMBER_OBJECT_CONVERSION = YES_AGGRESSIVE;
				CLANG_CXX_LANGUAGE_STANDARD = "gnu++17";
				CLANG_ENABLE_MODULES = YES;
				CLANG_ENABLE_OBJC_ARC = YES;
				CLANG_ENABLE_OBJC_WEAK = YES;
				CLANG_WARN_BLOCK_CAPTURE_AUTORELEASING = YES;
				CLANG_WARN_BOOL_CONVERSION = YES;
				CLANG_WARN_COMMA = YES;
				CLANG_WARN_CONSTANT_CONVERSION = YES;
				CLANG_WARN_DEPRECATED_OBJC_IMPLEMENTATIONS = YES;
				CLANG_WARN_DIRECT_OBJC_ISA_USAGE = YES_ERROR;
				CLANG_WARN_DOCUMENTATION_COMMENTS = YES;
				CLANG_WARN_EMPTY_BODY = YES;
				CLANG_WARN_ENUM_CONVERSION = YES;
				CLANG_WARN_INFINITE_RECURSION = YES;
				CLANG_WARN_INT_CONVERSION = YES;
				CLANG_WARN_NON_LITERAL_NULL_CONVERSION = YES;
				CLANG_WARN_OBJC_IMPLICIT_RETAIN_SELF = YES;
				CLANG_WARN_OBJC_LITERAL_CONVERSION = YES;
				CLANG_WARN_OBJC_ROOT_CLASS = YES_ERROR;
				CLANG_WARN_QUOTED_INCLUDE_IN_FRAMEWORK_HEADER = YES;
				CLANG_WARN_RANGE_LOOP_ANALYSIS = YES;
				CLANG_WARN_STRICT_PROTOTYPES = YES;
				CLANG_WARN_SUSPICIOUS_MOVE = YES;
				CLANG_WARN_UNGUARDED_AVAILABILITY = YES_AGGRESSIVE;
				CLANG_WARN_UNREACHABLE_CODE = YES;
				CLANG_WARN__DUPLICATE_METHOD_MATCH = YES;
				COPY_PHASE_STRIP = NO;
				DEBUG_INFORMATION_FORMAT = "dwarf-with-dsym";
				ENABLE_NS_ASSERTIONS = NO;
				ENABLE_STRICT_OBJC_MSGSEND = YES;
				GCC_C_LANGUAGE_STANDARD = gnu11;
				GCC_NO_COMMON_BLOCKS = YES;
				GCC_WARN_64_TO_32_BIT_CONVERSION = YES;
				GCC_WARN_ABOUT_RETURN_TYPE = YES_ERROR;
				GCC_WARN_UNDECLARED_SELECTOR = YES;
				GCC_WARN_UNINITIALIZED_AUTOS = YES_AGGRESSIVE;
				GCC_WARN_UNUSED_FUNCTION = YES;
				GCC_WARN_UNUSED_VARIABLE = YES;
				IPHONEOS_DEPLOYMENT_TARGET = 15.5;
				MTL_ENABLE_DEBUG_INFO = NO;
				MTL_FAST_MATH = YES;
				SDKROOT = iphoneos;
				VALIDATE_PRODUCT = YES;
			};
			name = Release;
		};
		F7B2DB90285764DE00D10283 /* Debug */ = {
			isa = XCBuildConfiguration;
			buildSettings = {
				ASSETCATALOG_COMPILER_APPICON_NAME = AppIcon;
				ASSETCATALOG_COMPILER_GLOBAL_ACCENT_COLOR_NAME = AccentColor;
				CODE_SIGN_IDENTITY = "Apple Development";
				CODE_SIGN_STYLE = Automatic;
				CURRENT_PROJECT_VERSION = 1;
				DEVELOPMENT_TEAM = CB48K3MWM2;
				GENERATE_INFOPLIST_FILE = YES;
				INFOPLIST_FILE = SwipBack/Info.plist;
				INFOPLIST_KEY_UIApplicationSupportsIndirectInputEvents = YES;
				INFOPLIST_KEY_UILaunchStoryboardName = LaunchScreen;
				INFOPLIST_KEY_UIMainStoryboardFile = Main;
				INFOPLIST_KEY_UISupportedInterfaceOrientations_iPad = "UIInterfaceOrientationPortrait UIInterfaceOrientationPortraitUpsideDown UIInterfaceOrientationLandscapeLeft UIInterfaceOrientationLandscapeRight";
				INFOPLIST_KEY_UISupportedInterfaceOrientations_iPhone = "UIInterfaceOrientationPortrait UIInterfaceOrientationLandscapeLeft UIInterfaceOrientationLandscapeRight";
				IPHONEOS_DEPLOYMENT_TARGET = 9.0;
				LD_RUNPATH_SEARCH_PATHS = (
					"$(inherited)",
					"@executable_path/Frameworks",
				);
				MARKETING_VERSION = 1.0;
				PRODUCT_BUNDLE_IDENTIFIER = com.macrou.SwipBack;
				PRODUCT_NAME = "$(TARGET_NAME)";
				PROVISIONING_PROFILE_SPECIFIER = "";
				SWIFT_EMIT_LOC_STRINGS = YES;
				TARGETED_DEVICE_FAMILY = "1,2";
			};
			name = Debug;
		};
		F7B2DB91285764DE00D10283 /* Release */ = {
			isa = XCBuildConfiguration;
			buildSettings = {
				ASSETCATALOG_COMPILER_APPICON_NAME = AppIcon;
				ASSETCATALOG_COMPILER_GLOBAL_ACCENT_COLOR_NAME = AccentColor;
				CODE_SIGN_IDENTITY = "Apple Development";
				CODE_SIGN_STYLE = Automatic;
				CURRENT_PROJECT_VERSION = 1;
				DEVELOPMENT_TEAM = CB48K3MWM2;
				GENERATE_INFOPLIST_FILE = YES;
				INFOPLIST_FILE = SwipBack/Info.plist;
				INFOPLIST_KEY_UIApplicationSupportsIndirectInputEvents = YES;
				INFOPLIST_KEY_UILaunchStoryboardName = LaunchScreen;
				INFOPLIST_KEY_UIMainStoryboardFile = Main;
				INFOPLIST_KEY_UISupportedInterfaceOrientations_iPad = "UIInterfaceOrientationPortrait UIInterfaceOrientationPortraitUpsideDown UIInterfaceOrientationLandscapeLeft UIInterfaceOrientationLandscapeRight";
				INFOPLIST_KEY_UISupportedInterfaceOrientations_iPhone = "UIInterfaceOrientationPortrait UIInterfaceOrientationLandscapeLeft UIInterfaceOrientationLandscapeRight";
				IPHONEOS_DEPLOYMENT_TARGET = 9.0;
				LD_RUNPATH_SEARCH_PATHS = (
					"$(inherited)",
					"@executable_path/Frameworks",
				);
				MARKETING_VERSION = 1.0;
				PRODUCT_BUNDLE_IDENTIFIER = com.macrou.SwipBack;
				PRODUCT_NAME = "$(TARGET_NAME)";
				PROVISIONING_PROFILE_SPECIFIER = "";
				SWIFT_EMIT_LOC_STRINGS = YES;
				TARGETED_DEVICE_FAMILY = "1,2";
			};
			name = Release;
		};
/* End XCBuildConfiguration section */

/* Begin XCConfigurationList section */
		F7B2DB71285764DC00D10283 /* Build configuration list for PBXProject "SwipBack" */ = {
			isa = XCConfigurationList;
			buildConfigurations = (
				F7B2DB8D285764DE00D10283 /* Debug */,
				F7B2DB8E285764DE00D10283 /* Release */,
			);
			defaultConfigurationIsVisible = 0;
			defaultConfigurationName = Release;
		};
		F7B2DB8F285764DE00D10283 /* Build configuration list for PBXNativeTarget "SwipBack" */ = {
			isa = XCConfigurationList;
			buildConfigurations = (
				F7B2DB90285764DE00D10283 /* Debug */,
				F7B2DB91285764DE00D10283 /* Release */,
			);
			defaultConfigurationIsVisible = 0;
			defaultConfigurationName = Release;
		};
/* End XCConfigurationList section */
	};
	rootObject = F7B2DB6E285764DC00D10283 /* Project object */;
}
